
Microsoft Visual Studio Solution File, Format Version 12.00
# Visual Studio 15
VisualStudioVersion = 15.0.28010.2026
MinimumVisualStudioVersion = 10.0.40219.1
Project("{9A19103F-16F7-4668-BE54-9A1E7A4F7556}") = "Ducode.Essentials.NlPostcode", "Ducode.Essentials.NlPostcode\Ducode.Essentials.NlPostcode.csproj", "{FEF5564F-31D7-46D8-821F-5B83A64F48E7}"
EndProject
Project("{9A19103F-16F7-4668-BE54-9A1E7A4F7556}") = "Ducode.Essentials.NlPostcode.Tests", "Ducode.Essentials.NlPostcode.Tests\Ducode.Essentials.NlPostcode.Tests.csproj", "{26108F5D-58B9-457D-9760-15F10E57EA8A}"
EndProject
Project("{9A19103F-16F7-4668-BE54-9A1E7A4F7556}") = "Ducode.Essentials.Web", "Ducode.Essentials.Web\Ducode.Essentials.Web.csproj", "{3CC46A63-F1F9-4182-A630-D1E3419CE333}"
EndProject
Project("{2150E333-8FDC-42A3-9474-1A3956D46DE8}") = "Tests", "Tests", "{61D48F2A-DDC1-4E20-A895-DB333238F760}"
EndProject
Global
	GlobalSection(SolutionConfigurationPlatforms) = preSolution
		Debug|Any CPU = Debug|Any CPU
		Release|Any CPU = Release|Any CPU
	EndGlobalSection
	GlobalSection(ProjectConfigurationPlatforms) = postSolution
		{FEF5564F-31D7-46D8-821F-5B83A64F48E7}.Debug|Any CPU.ActiveCfg = Debug|Any CPU
		{FEF5564F-31D7-46D8-821F-5B83A64F48E7}.Debug|Any CPU.Build.0 = Debug|Any CPU
		{FEF5564F-31D7-46D8-821F-5B83A64F48E7}.Release|Any CPU.ActiveCfg = Release|Any CPU
		{FEF5564F-31D7-46D8-821F-5B83A64F48E7}.Release|Any CPU.Build.0 = Release|Any CPU
		{26108F5D-58B9-457D-9760-15F10E57EA8A}.Debug|Any CPU.ActiveCfg = Debug|Any CPU
		{26108F5D-58B9-457D-9760-15F10E57EA8A}.Debug|Any CPU.Build.0 = Debug|Any CPU
		{26108F5D-58B9-457D-9760-15F10E57EA8A}.Release|Any CPU.ActiveCfg = Release|Any CPU
		{26108F5D-58B9-457D-9760-15F10E57EA8A}.Release|Any CPU.Build.0 = Release|Any CPU
		{3CC46A63-F1F9-4182-A630-D1E3419CE333}.Debug|Any CPU.ActiveCfg = Debug|Any CPU
		{3CC46A63-F1F9-4182-A630-D1E3419CE333}.Debug|Any CPU.Build.0 = Debug|Any CPU
		{3CC46A63-F1F9-4182-A630-D1E3419CE333}.Release|Any CPU.ActiveCfg = Release|Any CPU
		{3CC46A63-F1F9-4182-A630-D1E3419CE333}.Release|Any CPU.Build.0 = Release|Any CPU
	EndGlobalSection
	GlobalSection(SolutionProperties) = preSolution
		HideSolutionNode = FALSE
	EndGlobalSection
	GlobalSection(NestedProjects) = preSolution
		{26108F5D-58B9-457D-9760-15F10E57EA8A} = {61D48F2A-DDC1-4E20-A895-DB333238F760}
	EndGlobalSection
	GlobalSection(ExtensibilityGlobals) = postSolution
		SolutionGuid = {CFB7F69F-7675-482A-863A-ABFDD3B0CC0A}
	EndGlobalSection
EndGlobal
