
Microsoft Visual Studio Solution File, Format Version 12.00
# Visual Studio 15
VisualStudioVersion = 15.0.28010.2026
MinimumVisualStudioVersion = 10.0.40219.1
Project("{9A19103F-16F7-4668-BE54-9A1E7A4F7556}") = "Ducode.Essentials.NlPostcode", "Ducode.Essentials.NlPostcode\Ducode.Essentials.NlPostcode.csproj", "{FEF5564F-31D7-46D8-821F-5B83A64F48E7}"
EndProject
Project("{9A19103F-16F7-4668-BE54-9A1E7A4F7556}") = "Ducode.Essentials.NlPostcode.Tests", "Ducode.Essentials.NlPostcode.Tests\Ducode.Essentials.NlPostcode.Tests.csproj", "{26108F5D-58B9-457D-9760-15F10E57EA8A}"
EndProject
Project("{9A19103F-16F7-4668-BE54-9A1E7A4F7556}") = "Ducode.Essentials.Web", "Ducode.Essentials.Web\Ducode.Essentials.Web.csproj", "{3CC46A63-F1F9-4182-A630-D1E3419CE333}"
EndProject
Project("{2150E333-8FDC-42A3-9474-1A3956D46DE8}") = "Tests", "Tests", "{61D48F2A-DDC1-4E20-A895-DB333238F760}"
EndProject
Project("{FAE04EC0-301F-11D3-BF4B-00C04F79EFBC}") = "Ducode.Essentials.Assembly", "Ducode.Essentials.Assembly\Ducode.Essentials.Assembly.csproj", "{8C8D5E4C-3623-47D8-9B2E-9B90F21999C8}"
EndProject
Project("{FAE04EC0-301F-11D3-BF4B-00C04F79EFBC}") = "Ducode.Essentials.Dates", "Ducode.Essentials.Dates\Ducode.Essentials.Dates.csproj", "{D14BAF55-809D-4107-B64D-B735E4CBB23D}"
EndProject
Project("{FAE04EC0-301F-11D3-BF4B-00C04F79EFBC}") = "Ducode.Essentials.Files", "Ducode.Essentials.Files\Ducode.Essentials.Files.csproj", "{A9F17E69-862E-4212-ABEA-462EE93BD6B6}"
EndProject
Project("{FAE04EC0-301F-11D3-BF4B-00C04F79EFBC}") = "Ducode.Essentials.Mail", "Ducode.Essentials.Mail\Ducode.Essentials.Mail.csproj", "{7B77EFFC-4B94-4988-9910-C0CB20FDC74F}"
EndProject
Project("{FAE04EC0-301F-11D3-BF4B-00C04F79EFBC}") = "Ducode.Essentials.Mail.Tests", "Ducode.Essentials.Mail.Tests\Ducode.Essentials.Mail.Tests.csproj", "{BB6C15AC-ADE6-40D0-B712-94186B2D1C6B}"
EndProject
Project("{FAE04EC0-301F-11D3-BF4B-00C04F79EFBC}") = "Ducode.Essentials.Validations", "Ducode.Essentials.Validations\Ducode.Essentials.Validations.csproj", "{3C6DD572-6E98-4264-8B41-C7D6F80B0B6E}"
EndProject
Project("{FAE04EC0-301F-11D3-BF4B-00C04F79EFBC}") = "Ducode.Essentials.Validations.Tests", "Ducode.Essentials.Validations.Tests\Ducode.Essentials.Validations.Tests.csproj", "{5BE8F8B7-0607-461F-B14A-AD825E6D65A9}"
EndProject
Project("{FAE04EC0-301F-11D3-BF4B-00C04F79EFBC}") = "Ducode.Essentials.Characters", "Ducode.Essentials.Characters\Ducode.Essentials.Characters.csproj", "{D8E23B50-410F-49BE-83FB-C5F99FF67881}"
EndProject
Project("{FAE04EC0-301F-11D3-BF4B-00C04F79EFBC}") = "Ducode.Essentials.Characters.Tests", "Ducode.Essentials.Characters.Tests\Ducode.Essentials.Characters.Tests.csproj", "{D377C7EF-354B-49DD-8EB7-6A34CABB92C9}"
EndProject
Project("{FAE04EC0-301F-11D3-BF4B-00C04F79EFBC}") = "Ducode.Essentials.Mvc", "Ducode.Essentials.Mvc\Ducode.Essentials.Mvc.csproj", "{22B987A3-A927-461B-A8C8-54E821594A77}"
EndProject
Project("{FAE04EC0-301F-11D3-BF4B-00C04F79EFBC}") = "Ducode.Essentials.Mvc.Tests", "Ducode.Essentials.Mvc.Tests\Ducode.Essentials.Mvc.Tests.csproj", "{D8D39C1B-07EE-4B09-80B6-A791412B6F40}"
EndProject
Project("{FAE04EC0-301F-11D3-BF4B-00C04F79EFBC}") = "Ducode.Essentials.Mvc.TestUtilities", "Ducode.Essentials.Mvc.TestUtilities\Ducode.Essentials.Mvc.TestUtilities.csproj", "{0FF7D761-32DB-420F-966A-A2F7FAC8A5C6}"
EndProject
Global
	GlobalSection(SolutionConfigurationPlatforms) = preSolution
		Debug|Any CPU = Debug|Any CPU
		Release|Any CPU = Release|Any CPU
	EndGlobalSection
	GlobalSection(ProjectConfigurationPlatforms) = postSolution
		{FEF5564F-31D7-46D8-821F-5B83A64F48E7}.Debug|Any CPU.ActiveCfg = Debug|Any CPU
		{FEF5564F-31D7-46D8-821F-5B83A64F48E7}.Debug|Any CPU.Build.0 = Debug|Any CPU
		{FEF5564F-31D7-46D8-821F-5B83A64F48E7}.Release|Any CPU.ActiveCfg = Release|Any CPU
		{FEF5564F-31D7-46D8-821F-5B83A64F48E7}.Release|Any CPU.Build.0 = Release|Any CPU
		{26108F5D-58B9-457D-9760-15F10E57EA8A}.Debug|Any CPU.ActiveCfg = Debug|Any CPU
		{26108F5D-58B9-457D-9760-15F10E57EA8A}.Debug|Any CPU.Build.0 = Debug|Any CPU
		{26108F5D-58B9-457D-9760-15F10E57EA8A}.Release|Any CPU.ActiveCfg = Release|Any CPU
		{26108F5D-58B9-457D-9760-15F10E57EA8A}.Release|Any CPU.Build.0 = Release|Any CPU
		{3CC46A63-F1F9-4182-A630-D1E3419CE333}.Debug|Any CPU.ActiveCfg = Debug|Any CPU
		{3CC46A63-F1F9-4182-A630-D1E3419CE333}.Debug|Any CPU.Build.0 = Debug|Any CPU
		{3CC46A63-F1F9-4182-A630-D1E3419CE333}.Release|Any CPU.ActiveCfg = Release|Any CPU
		{3CC46A63-F1F9-4182-A630-D1E3419CE333}.Release|Any CPU.Build.0 = Release|Any CPU
		{8C8D5E4C-3623-47D8-9B2E-9B90F21999C8}.Debug|Any CPU.ActiveCfg = Debug|Any CPU
		{8C8D5E4C-3623-47D8-9B2E-9B90F21999C8}.Debug|Any CPU.Build.0 = Debug|Any CPU
		{8C8D5E4C-3623-47D8-9B2E-9B90F21999C8}.Release|Any CPU.ActiveCfg = Release|Any CPU
		{8C8D5E4C-3623-47D8-9B2E-9B90F21999C8}.Release|Any CPU.Build.0 = Release|Any CPU
		{D14BAF55-809D-4107-B64D-B735E4CBB23D}.Debug|Any CPU.ActiveCfg = Debug|Any CPU
		{D14BAF55-809D-4107-B64D-B735E4CBB23D}.Debug|Any CPU.Build.0 = Debug|Any CPU
		{D14BAF55-809D-4107-B64D-B735E4CBB23D}.Release|Any CPU.ActiveCfg = Release|Any CPU
		{D14BAF55-809D-4107-B64D-B735E4CBB23D}.Release|Any CPU.Build.0 = Release|Any CPU
		{A9F17E69-862E-4212-ABEA-462EE93BD6B6}.Debug|Any CPU.ActiveCfg = Debug|Any CPU
		{A9F17E69-862E-4212-ABEA-462EE93BD6B6}.Debug|Any CPU.Build.0 = Debug|Any CPU
		{A9F17E69-862E-4212-ABEA-462EE93BD6B6}.Release|Any CPU.ActiveCfg = Release|Any CPU
		{A9F17E69-862E-4212-ABEA-462EE93BD6B6}.Release|Any CPU.Build.0 = Release|Any CPU
		{7B77EFFC-4B94-4988-9910-C0CB20FDC74F}.Debug|Any CPU.ActiveCfg = Debug|Any CPU
		{7B77EFFC-4B94-4988-9910-C0CB20FDC74F}.Debug|Any CPU.Build.0 = Debug|Any CPU
		{7B77EFFC-4B94-4988-9910-C0CB20FDC74F}.Release|Any CPU.ActiveCfg = Release|Any CPU
		{7B77EFFC-4B94-4988-9910-C0CB20FDC74F}.Release|Any CPU.Build.0 = Release|Any CPU
		{BB6C15AC-ADE6-40D0-B712-94186B2D1C6B}.Debug|Any CPU.ActiveCfg = Debug|Any CPU
		{BB6C15AC-ADE6-40D0-B712-94186B2D1C6B}.Debug|Any CPU.Build.0 = Debug|Any CPU
		{BB6C15AC-ADE6-40D0-B712-94186B2D1C6B}.Release|Any CPU.ActiveCfg = Release|Any CPU
		{BB6C15AC-ADE6-40D0-B712-94186B2D1C6B}.Release|Any CPU.Build.0 = Release|Any CPU
		{3C6DD572-6E98-4264-8B41-C7D6F80B0B6E}.Debug|Any CPU.ActiveCfg = Debug|Any CPU
		{3C6DD572-6E98-4264-8B41-C7D6F80B0B6E}.Debug|Any CPU.Build.0 = Debug|Any CPU
		{3C6DD572-6E98-4264-8B41-C7D6F80B0B6E}.Release|Any CPU.ActiveCfg = Release|Any CPU
		{3C6DD572-6E98-4264-8B41-C7D6F80B0B6E}.Release|Any CPU.Build.0 = Release|Any CPU
		{5BE8F8B7-0607-461F-B14A-AD825E6D65A9}.Debug|Any CPU.ActiveCfg = Debug|Any CPU
		{5BE8F8B7-0607-461F-B14A-AD825E6D65A9}.Debug|Any CPU.Build.0 = Debug|Any CPU
		{5BE8F8B7-0607-461F-B14A-AD825E6D65A9}.Release|Any CPU.ActiveCfg = Release|Any CPU
		{5BE8F8B7-0607-461F-B14A-AD825E6D65A9}.Release|Any CPU.Build.0 = Release|Any CPU
		{D8E23B50-410F-49BE-83FB-C5F99FF67881}.Debug|Any CPU.ActiveCfg = Debug|Any CPU
		{D8E23B50-410F-49BE-83FB-C5F99FF67881}.Debug|Any CPU.Build.0 = Debug|Any CPU
		{D8E23B50-410F-49BE-83FB-C5F99FF67881}.Release|Any CPU.ActiveCfg = Release|Any CPU
		{D8E23B50-410F-49BE-83FB-C5F99FF67881}.Release|Any CPU.Build.0 = Release|Any CPU
		{D377C7EF-354B-49DD-8EB7-6A34CABB92C9}.Debug|Any CPU.ActiveCfg = Debug|Any CPU
		{D377C7EF-354B-49DD-8EB7-6A34CABB92C9}.Debug|Any CPU.Build.0 = Debug|Any CPU
		{D377C7EF-354B-49DD-8EB7-6A34CABB92C9}.Release|Any CPU.ActiveCfg = Release|Any CPU
		{D377C7EF-354B-49DD-8EB7-6A34CABB92C9}.Release|Any CPU.Build.0 = Release|Any CPU
		{22B987A3-A927-461B-A8C8-54E821594A77}.Debug|Any CPU.ActiveCfg = Debug|Any CPU
		{22B987A3-A927-461B-A8C8-54E821594A77}.Debug|Any CPU.Build.0 = Debug|Any CPU
		{22B987A3-A927-461B-A8C8-54E821594A77}.Release|Any CPU.ActiveCfg = Release|Any CPU
		{22B987A3-A927-461B-A8C8-54E821594A77}.Release|Any CPU.Build.0 = Release|Any CPU
		{D8D39C1B-07EE-4B09-80B6-A791412B6F40}.Debug|Any CPU.ActiveCfg = Debug|Any CPU
		{D8D39C1B-07EE-4B09-80B6-A791412B6F40}.Debug|Any CPU.Build.0 = Debug|Any CPU
		{D8D39C1B-07EE-4B09-80B6-A791412B6F40}.Release|Any CPU.ActiveCfg = Release|Any CPU
		{D8D39C1B-07EE-4B09-80B6-A791412B6F40}.Release|Any CPU.Build.0 = Release|Any CPU
		{0FF7D761-32DB-420F-966A-A2F7FAC8A5C6}.Debug|Any CPU.ActiveCfg = Debug|Any CPU
		{0FF7D761-32DB-420F-966A-A2F7FAC8A5C6}.Debug|Any CPU.Build.0 = Debug|Any CPU
		{0FF7D761-32DB-420F-966A-A2F7FAC8A5C6}.Release|Any CPU.ActiveCfg = Release|Any CPU
		{0FF7D761-32DB-420F-966A-A2F7FAC8A5C6}.Release|Any CPU.Build.0 = Release|Any CPU
	EndGlobalSection
	GlobalSection(SolutionProperties) = preSolution
		HideSolutionNode = FALSE
	EndGlobalSection
	GlobalSection(NestedProjects) = preSolution
		{26108F5D-58B9-457D-9760-15F10E57EA8A} = {61D48F2A-DDC1-4E20-A895-DB333238F760}
		{BB6C15AC-ADE6-40D0-B712-94186B2D1C6B} = {61D48F2A-DDC1-4E20-A895-DB333238F760}
		{5BE8F8B7-0607-461F-B14A-AD825E6D65A9} = {61D48F2A-DDC1-4E20-A895-DB333238F760}
		{D377C7EF-354B-49DD-8EB7-6A34CABB92C9} = {61D48F2A-DDC1-4E20-A895-DB333238F760}
		{D8D39C1B-07EE-4B09-80B6-A791412B6F40} = {61D48F2A-DDC1-4E20-A895-DB333238F760}
	EndGlobalSection
	GlobalSection(ExtensibilityGlobals) = postSolution
		SolutionGuid = {CFB7F69F-7675-482A-863A-ABFDD3B0CC0A}
	EndGlobalSection
EndGlobal
